// !$*UTF8*$!
{
	archiveVersion = 1;
	classes = {
	};
	objectVersion = 56;
	objects = {

/* Begin PBXBuildFile section */
		78B05A802BB2EC8B00D74385 /* AppColor.swift in Sources */ = {isa = PBXBuildFile; fileRef = 78B05A7F2BB2EC8B00D74385 /* AppColor.swift */; };
		78B05A892BB367C300D74385 /* HomeViewModel.swift in Sources */ = {isa = PBXBuildFile; fileRef = 78B05A882BB367C300D74385 /* HomeViewModel.swift */; };
		78B05A8D2BB462F500D74385 /* HomeCoordinator.swift in Sources */ = {isa = PBXBuildFile; fileRef = 78B05A8C2BB462F500D74385 /* HomeCoordinator.swift */; };
		78B05A8F2BB465C900D74385 /* HomeModuleIO.swift in Sources */ = {isa = PBXBuildFile; fileRef = 78B05A8E2BB465C900D74385 /* HomeModuleIO.swift */; };
		78B05AA42BB4673800D74385 /* HomeViewIntent.swift in Sources */ = {isa = PBXBuildFile; fileRef = 78B05AA32BB4673800D74385 /* HomeViewIntent.swift */; };
		78B05AA62BB4674200D74385 /* HomeViewState.swift in Sources */ = {isa = PBXBuildFile; fileRef = 78B05AA52BB4674200D74385 /* HomeViewState.swift */; };
		78B05AA82BB4692C00D74385 /* MediumTableCell.swift in Sources */ = {isa = PBXBuildFile; fileRef = 78B05AA72BB4692C00D74385 /* MediumTableCell.swift */; };
		78B05AAA2BB4694E00D74385 /* SelfConfiguringCell.swift in Sources */ = {isa = PBXBuildFile; fileRef = 78B05AA92BB4694E00D74385 /* SelfConfiguringCell.swift */; };
		78B05AB62BB5E19500D74385 /* SingleCollectionViewCell.swift in Sources */ = {isa = PBXBuildFile; fileRef = 78B05AB52BB5E19500D74385 /* SingleCollectionViewCell.swift */; };
		78B05AD52BB6F35B00D74385 /* HomeCoreDataManager.swift in Sources */ = {isa = PBXBuildFile; fileRef = 78B05AD42BB6F35B00D74385 /* HomeCoreDataManager.swift */; };
		78B05AD72BB6F37A00D74385 /* CoreDataManager.swift in Sources */ = {isa = PBXBuildFile; fileRef = 78B05AD62BB6F37A00D74385 /* CoreDataManager.swift */; };
		78B05AD92BB8B1E300D74385 /* SectionHeader.swift in Sources */ = {isa = PBXBuildFile; fileRef = 78B05AD82BB8B1E300D74385 /* SectionHeader.swift */; };
		78B05ADB2BB8BA9500D74385 /* Section.swift in Sources */ = {isa = PBXBuildFile; fileRef = 78B05ADA2BB8BA9500D74385 /* Section.swift */; };
		78B05AFD2BB98A7800D74385 /* foodz.json in Resources */ = {isa = PBXBuildFile; fileRef = 78B05AFC2BB98A7800D74385 /* foodz.json */; };
		78B05AFF2BB98B8300D74385 /* Bundle-Decodable.swift in Sources */ = {isa = PBXBuildFile; fileRef = 78B05AFE2BB98B8300D74385 /* Bundle-Decodable.swift */; };
		78B05B012BB991E100D74385 /* HomeViewBuilder.swift in Sources */ = {isa = PBXBuildFile; fileRef = 78B05B002BB991E100D74385 /* HomeViewBuilder.swift */; };
		78B05B032BB9D4F500D74385 /* HomeLocalRepository.swift in Sources */ = {isa = PBXBuildFile; fileRef = 78B05B022BB9D4F500D74385 /* HomeLocalRepository.swift */; };
		78B05B052BB9D56800D74385 /* LocalRepository.swift in Sources */ = {isa = PBXBuildFile; fileRef = 78B05B042BB9D56800D74385 /* LocalRepository.swift */; };
		78B05B072BBA881500D74385 /* HomeLoadRepository.swift in Sources */ = {isa = PBXBuildFile; fileRef = 78B05B062BBA881500D74385 /* HomeLoadRepository.swift */; };
		78B05B262BBAA0AD00D74385 /* PickupPointCD+CoreDataClass.swift in Sources */ = {isa = PBXBuildFile; fileRef = 78B05B1C2BBAA0AD00D74385 /* PickupPointCD+CoreDataClass.swift */; };
		78B05B272BBAA0AD00D74385 /* PickupPointCD+CoreDataProperties.swift in Sources */ = {isa = PBXBuildFile; fileRef = 78B05B1D2BBAA0AD00D74385 /* PickupPointCD+CoreDataProperties.swift */; };
		78B05B282BBAA0AD00D74385 /* ProductCD+CoreDataClass.swift in Sources */ = {isa = PBXBuildFile; fileRef = 78B05B1E2BBAA0AD00D74385 /* ProductCD+CoreDataClass.swift */; };
		78B05B292BBAA0AD00D74385 /* ProductCD+CoreDataProperties.swift in Sources */ = {isa = PBXBuildFile; fileRef = 78B05B1F2BBAA0AD00D74385 /* ProductCD+CoreDataProperties.swift */; };
		78B05B2A2BBAA0AD00D74385 /* SectionCD+CoreDataClass.swift in Sources */ = {isa = PBXBuildFile; fileRef = 78B05B202BBAA0AD00D74385 /* SectionCD+CoreDataClass.swift */; };
		78B05B2B2BBAA0AD00D74385 /* SectionCD+CoreDataProperties.swift in Sources */ = {isa = PBXBuildFile; fileRef = 78B05B212BBAA0AD00D74385 /* SectionCD+CoreDataProperties.swift */; };
		78B05B2C2BBAA0AD00D74385 /* UserCD+CoreDataClass.swift in Sources */ = {isa = PBXBuildFile; fileRef = 78B05B222BBAA0AD00D74385 /* UserCD+CoreDataClass.swift */; };
		78B05B2D2BBAA0AD00D74385 /* UserCD+CoreDataProperties.swift in Sources */ = {isa = PBXBuildFile; fileRef = 78B05B232BBAA0AD00D74385 /* UserCD+CoreDataProperties.swift */; };
		78B05B2E2BBAA0AD00D74385 /* ImageCD+CoreDataClass.swift in Sources */ = {isa = PBXBuildFile; fileRef = 78B05B242BBAA0AD00D74385 /* ImageCD+CoreDataClass.swift */; };
		78B05B2F2BBAA0AD00D74385 /* ImageCD+CoreDataProperties.swift in Sources */ = {isa = PBXBuildFile; fileRef = 78B05B252BBAA0AD00D74385 /* ImageCD+CoreDataProperties.swift */; };
		78B05B312BBC126400D74385 /* SearchHeader.swift in Sources */ = {isa = PBXBuildFile; fileRef = 78B05B302BBC126400D74385 /* SearchHeader.swift */; };
		78B05B362BBD8C4D00D74385 /* SearchViewController.swift in Sources */ = {isa = PBXBuildFile; fileRef = 78B05B352BBD8C4D00D74385 /* SearchViewController.swift */; };
		78B05B382BBD8C7500D74385 /* SearchViewModel.swift in Sources */ = {isa = PBXBuildFile; fileRef = 78B05B372BBD8C7400D74385 /* SearchViewModel.swift */; };
		78B05B3A2BBD8C9000D74385 /* SearchModuleIO.swift in Sources */ = {isa = PBXBuildFile; fileRef = 78B05B392BBD8C9000D74385 /* SearchModuleIO.swift */; };
		78B05B3D2BBDA43800D74385 /* SearchViewState.swift in Sources */ = {isa = PBXBuildFile; fileRef = 78B05B3C2BBDA43800D74385 /* SearchViewState.swift */; };
		78B05B3F2BBDA44F00D74385 /* SearchViewIntent.swift in Sources */ = {isa = PBXBuildFile; fileRef = 78B05B3E2BBDA44F00D74385 /* SearchViewIntent.swift */; };
		78C1CB0A2BADC02700748F3D /* FoodZ.xcdatamodeld in Sources */ = {isa = PBXBuildFile; fileRef = 78C1CB082BADC02700748F3D /* FoodZ.xcdatamodeld */; };
		78C1CB0C2BADC02900748F3D /* Assets.xcassets in Resources */ = {isa = PBXBuildFile; fileRef = 78C1CB0B2BADC02900748F3D /* Assets.xcassets */; };
		78C1CB0F2BADC02900748F3D /* LaunchScreen.storyboard in Resources */ = {isa = PBXBuildFile; fileRef = 78C1CB0D2BADC02900748F3D /* LaunchScreen.storyboard */; };
		78C1CB482BADC04800748F3D /* Builder.swift in Sources */ = {isa = PBXBuildFile; fileRef = 78C1CB172BADC04800748F3D /* Builder.swift */; };
		78C1CB492BADC04800748F3D /* NetworkManagerProtocol.swift in Sources */ = {isa = PBXBuildFile; fileRef = 78C1CB182BADC04800748F3D /* NetworkManagerProtocol.swift */; };
		78C1CB4A2BADC04800748F3D /* ViewModule.swift in Sources */ = {isa = PBXBuildFile; fileRef = 78C1CB192BADC04800748F3D /* ViewModule.swift */; };
		78C1CB4C2BADC04800748F3D /* Coordinator.swift in Sources */ = {isa = PBXBuildFile; fileRef = 78C1CB1B2BADC04800748F3D /* Coordinator.swift */; };
		78C1CB4D2BADC04800748F3D /* CoordinatorFactory.swift in Sources */ = {isa = PBXBuildFile; fileRef = 78C1CB1D2BADC04800748F3D /* CoordinatorFactory.swift */; };
		78C1CB4E2BADC04800748F3D /* CartViewController.swift in Sources */ = {isa = PBXBuildFile; fileRef = 78C1CB1F2BADC04800748F3D /* CartViewController.swift */; };
		78C1CB4F2BADC04800748F3D /* HomeViewController.swift in Sources */ = {isa = PBXBuildFile; fileRef = 78C1CB202BADC04800748F3D /* HomeViewController.swift */; };
		78C1CB502BADC04800748F3D /* ProfileViewController.swift in Sources */ = {isa = PBXBuildFile; fileRef = 78C1CB212BADC04800748F3D /* ProfileViewController.swift */; };
		78C1CB512BADC04800748F3D /* SavedViewController.swift in Sources */ = {isa = PBXBuildFile; fileRef = 78C1CB222BADC04800748F3D /* SavedViewController.swift */; };
		78C1CB522BADC04800748F3D /* MainTabBarBuilder.swift in Sources */ = {isa = PBXBuildFile; fileRef = 78C1CB242BADC04800748F3D /* MainTabBarBuilder.swift */; };
		78C1CB532BADC04800748F3D /* MainTabBarController.swift in Sources */ = {isa = PBXBuildFile; fileRef = 78C1CB252BADC04800748F3D /* MainTabBarController.swift */; };
		78C1CB542BADC04800748F3D /* AuthModuleIO.swift in Sources */ = {isa = PBXBuildFile; fileRef = 78C1CB282BADC04800748F3D /* AuthModuleIO.swift */; };
		78C1CB552BADC04800748F3D /* AuthorizationViewIntent.swift in Sources */ = {isa = PBXBuildFile; fileRef = 78C1CB2A2BADC04800748F3D /* AuthorizationViewIntent.swift */; };
		78C1CB562BADC04800748F3D /* AuthorizationViewState.swift in Sources */ = {isa = PBXBuildFile; fileRef = 78C1CB2B2BADC04800748F3D /* AuthorizationViewState.swift */; };
		78C1CB572BADC04800748F3D /* AuthorizationViewModel.swift in Sources */ = {isa = PBXBuildFile; fileRef = 78C1CB2C2BADC04800748F3D /* AuthorizationViewModel.swift */; };
		78C1CB582BADC04800748F3D /* AuthorizationViewController.swift in Sources */ = {isa = PBXBuildFile; fileRef = 78C1CB2E2BADC04800748F3D /* AuthorizationViewController.swift */; };
		78C1CB5A2BADC04800748F3D /* AuthorizationModulBuilder.swift in Sources */ = {isa = PBXBuildFile; fileRef = 78C1CB302BADC04800748F3D /* AuthorizationModulBuilder.swift */; };
		78C1CB5B2BADC04800748F3D /* RegModuleIO.swift in Sources */ = {isa = PBXBuildFile; fileRef = 78C1CB332BADC04800748F3D /* RegModuleIO.swift */; };
		78C1CB5C2BADC04800748F3D /* RegistrationViewModel.swift in Sources */ = {isa = PBXBuildFile; fileRef = 78C1CB342BADC04800748F3D /* RegistrationViewModel.swift */; };
		78C1CB5D2BADC04800748F3D /* RegistrationViewState.swift in Sources */ = {isa = PBXBuildFile; fileRef = 78C1CB362BADC04800748F3D /* RegistrationViewState.swift */; };
		78C1CB5E2BADC04800748F3D /* RegistrationViewIntent.swift in Sources */ = {isa = PBXBuildFile; fileRef = 78C1CB372BADC04800748F3D /* RegistrationViewIntent.swift */; };
		78C1CB602BADC04800748F3D /* RegistrationViewController.swift in Sources */ = {isa = PBXBuildFile; fileRef = 78C1CB3A2BADC04800748F3D /* RegistrationViewController.swift */; };
		78C1CB612BADC04800748F3D /* RegistrationModulBuilder.swift in Sources */ = {isa = PBXBuildFile; fileRef = 78C1CB3B2BADC04800748F3D /* RegistrationModulBuilder.swift */; };
		78C1CB622BADC04800748F3D /* AppDelegate.swift in Sources */ = {isa = PBXBuildFile; fileRef = 78C1CB3D2BADC04800748F3D /* AppDelegate.swift */; };
		78C1CB632BADC04800748F3D /* SceneDelegate.swift in Sources */ = {isa = PBXBuildFile; fileRef = 78C1CB3E2BADC04800748F3D /* SceneDelegate.swift */; };
		78C1CB642BADC04800748F3D /* AppCoordinator.swift in Sources */ = {isa = PBXBuildFile; fileRef = 78C1CB402BADC04800748F3D /* AppCoordinator.swift */; };
		78C1CB652BADC04800748F3D /* AuthorizationCoordinator.swift in Sources */ = {isa = PBXBuildFile; fileRef = 78C1CB412BADC04800748F3D /* AuthorizationCoordinator.swift */; };
		78C1CB662BADC04800748F3D /* MockNetworkManager.swift in Sources */ = {isa = PBXBuildFile; fileRef = 78C1CB432BADC04800748F3D /* MockNetworkManager.swift */; };
		78C1CB672BADC04800748F3D /* NetworkInterceptor.swift in Sources */ = {isa = PBXBuildFile; fileRef = 78C1CB442BADC04800748F3D /* NetworkInterceptor.swift */; };
		78C1CB682BADC04800748F3D /* NetworkManager.swift in Sources */ = {isa = PBXBuildFile; fileRef = 78C1CB452BADC04800748F3D /* NetworkManager.swift */; };
		78C1CB692BADC04800748F3D /* APIRouter.swift in Sources */ = {isa = PBXBuildFile; fileRef = 78C1CB462BADC04800748F3D /* APIRouter.swift */; };
		78C1CB6A2BADC04800748F3D /* TokenManager.swift in Sources */ = {isa = PBXBuildFile; fileRef = 78C1CB472BADC04800748F3D /* TokenManager.swift */; };
		78C1CB6E2BADC09300748F3D /* SnapKit in Frameworks */ = {isa = PBXBuildFile; productRef = 78C1CB6D2BADC09300748F3D /* SnapKit */; };
		78C1CB702BADC09300748F3D /* SnapKit-Dynamic in Frameworks */ = {isa = PBXBuildFile; productRef = 78C1CB6F2BADC09300748F3D /* SnapKit-Dynamic */; };
		78C1CB732BADC0A700748F3D /* Alamofire in Frameworks */ = {isa = PBXBuildFile; productRef = 78C1CB722BADC0A700748F3D /* Alamofire */; };
		78C1CB752BADC0A700748F3D /* AlamofireDynamic in Frameworks */ = {isa = PBXBuildFile; productRef = 78C1CB742BADC0A700748F3D /* AlamofireDynamic */; };
/* End PBXBuildFile section */

/* Begin PBXFileReference section */
		78B05A7F2BB2EC8B00D74385 /* AppColor.swift */ = {isa = PBXFileReference; lastKnownFileType = sourcecode.swift; path = AppColor.swift; sourceTree = "<group>"; };
		78B05A882BB367C300D74385 /* HomeViewModel.swift */ = {isa = PBXFileReference; lastKnownFileType = sourcecode.swift; path = HomeViewModel.swift; sourceTree = "<group>"; };
		78B05A8C2BB462F500D74385 /* HomeCoordinator.swift */ = {isa = PBXFileReference; lastKnownFileType = sourcecode.swift; path = HomeCoordinator.swift; sourceTree = "<group>"; };
		78B05A8E2BB465C900D74385 /* HomeModuleIO.swift */ = {isa = PBXFileReference; lastKnownFileType = sourcecode.swift; path = HomeModuleIO.swift; sourceTree = "<group>"; };
		78B05AA32BB4673800D74385 /* HomeViewIntent.swift */ = {isa = PBXFileReference; lastKnownFileType = sourcecode.swift; path = HomeViewIntent.swift; sourceTree = "<group>"; };
		78B05AA52BB4674200D74385 /* HomeViewState.swift */ = {isa = PBXFileReference; lastKnownFileType = sourcecode.swift; path = HomeViewState.swift; sourceTree = "<group>"; };
		78B05AA72BB4692C00D74385 /* MediumTableCell.swift */ = {isa = PBXFileReference; lastKnownFileType = sourcecode.swift; path = MediumTableCell.swift; sourceTree = "<group>"; };
		78B05AA92BB4694E00D74385 /* SelfConfiguringCell.swift */ = {isa = PBXFileReference; lastKnownFileType = sourcecode.swift; path = SelfConfiguringCell.swift; sourceTree = "<group>"; };
		78B05AB52BB5E19500D74385 /* SingleCollectionViewCell.swift */ = {isa = PBXFileReference; lastKnownFileType = sourcecode.swift; path = SingleCollectionViewCell.swift; sourceTree = "<group>"; };
		78B05AD42BB6F35B00D74385 /* HomeCoreDataManager.swift */ = {isa = PBXFileReference; lastKnownFileType = sourcecode.swift; path = HomeCoreDataManager.swift; sourceTree = "<group>"; };
		78B05AD62BB6F37A00D74385 /* CoreDataManager.swift */ = {isa = PBXFileReference; lastKnownFileType = sourcecode.swift; path = CoreDataManager.swift; sourceTree = "<group>"; };
		78B05AD82BB8B1E300D74385 /* SectionHeader.swift */ = {isa = PBXFileReference; lastKnownFileType = sourcecode.swift; path = SectionHeader.swift; sourceTree = "<group>"; };
		78B05ADA2BB8BA9500D74385 /* Section.swift */ = {isa = PBXFileReference; lastKnownFileType = sourcecode.swift; path = Section.swift; sourceTree = "<group>"; };
		78B05AFC2BB98A7800D74385 /* foodz.json */ = {isa = PBXFileReference; lastKnownFileType = text.json; path = foodz.json; sourceTree = "<group>"; };
		78B05AFE2BB98B8300D74385 /* Bundle-Decodable.swift */ = {isa = PBXFileReference; lastKnownFileType = sourcecode.swift; path = "Bundle-Decodable.swift"; sourceTree = "<group>"; };
		78B05B002BB991E100D74385 /* HomeViewBuilder.swift */ = {isa = PBXFileReference; lastKnownFileType = sourcecode.swift; path = HomeViewBuilder.swift; sourceTree = "<group>"; };
		78B05B022BB9D4F500D74385 /* HomeLocalRepository.swift */ = {isa = PBXFileReference; lastKnownFileType = sourcecode.swift; path = HomeLocalRepository.swift; sourceTree = "<group>"; };
		78B05B042BB9D56800D74385 /* LocalRepository.swift */ = {isa = PBXFileReference; lastKnownFileType = sourcecode.swift; path = LocalRepository.swift; sourceTree = "<group>"; };
		78B05B062BBA881500D74385 /* HomeLoadRepository.swift */ = {isa = PBXFileReference; lastKnownFileType = sourcecode.swift; path = HomeLoadRepository.swift; sourceTree = "<group>"; };
		78B05B1C2BBAA0AD00D74385 /* PickupPointCD+CoreDataClass.swift */ = {isa = PBXFileReference; lastKnownFileType = sourcecode.swift; path = "PickupPointCD+CoreDataClass.swift"; sourceTree = SOURCE_ROOT; };
		78B05B1D2BBAA0AD00D74385 /* PickupPointCD+CoreDataProperties.swift */ = {isa = PBXFileReference; lastKnownFileType = sourcecode.swift; path = "PickupPointCD+CoreDataProperties.swift"; sourceTree = SOURCE_ROOT; };
		78B05B1E2BBAA0AD00D74385 /* ProductCD+CoreDataClass.swift */ = {isa = PBXFileReference; lastKnownFileType = sourcecode.swift; path = "ProductCD+CoreDataClass.swift"; sourceTree = SOURCE_ROOT; };
		78B05B1F2BBAA0AD00D74385 /* ProductCD+CoreDataProperties.swift */ = {isa = PBXFileReference; lastKnownFileType = sourcecode.swift; path = "ProductCD+CoreDataProperties.swift"; sourceTree = SOURCE_ROOT; };
		78B05B202BBAA0AD00D74385 /* SectionCD+CoreDataClass.swift */ = {isa = PBXFileReference; lastKnownFileType = sourcecode.swift; path = "SectionCD+CoreDataClass.swift"; sourceTree = SOURCE_ROOT; };
		78B05B212BBAA0AD00D74385 /* SectionCD+CoreDataProperties.swift */ = {isa = PBXFileReference; lastKnownFileType = sourcecode.swift; path = "SectionCD+CoreDataProperties.swift"; sourceTree = SOURCE_ROOT; };
		78B05B222BBAA0AD00D74385 /* UserCD+CoreDataClass.swift */ = {isa = PBXFileReference; lastKnownFileType = sourcecode.swift; path = "UserCD+CoreDataClass.swift"; sourceTree = SOURCE_ROOT; };
		78B05B232BBAA0AD00D74385 /* UserCD+CoreDataProperties.swift */ = {isa = PBXFileReference; lastKnownFileType = sourcecode.swift; path = "UserCD+CoreDataProperties.swift"; sourceTree = SOURCE_ROOT; };
		78B05B242BBAA0AD00D74385 /* ImageCD+CoreDataClass.swift */ = {isa = PBXFileReference; lastKnownFileType = sourcecode.swift; path = "ImageCD+CoreDataClass.swift"; sourceTree = SOURCE_ROOT; };
		78B05B252BBAA0AD00D74385 /* ImageCD+CoreDataProperties.swift */ = {isa = PBXFileReference; lastKnownFileType = sourcecode.swift; path = "ImageCD+CoreDataProperties.swift"; sourceTree = SOURCE_ROOT; };
		78B05B302BBC126400D74385 /* SearchHeader.swift */ = {isa = PBXFileReference; lastKnownFileType = sourcecode.swift; path = SearchHeader.swift; sourceTree = "<group>"; };
		78B05B352BBD8C4D00D74385 /* SearchViewController.swift */ = {isa = PBXFileReference; lastKnownFileType = sourcecode.swift; path = SearchViewController.swift; sourceTree = "<group>"; };
		78B05B372BBD8C7400D74385 /* SearchViewModel.swift */ = {isa = PBXFileReference; lastKnownFileType = sourcecode.swift; path = SearchViewModel.swift; sourceTree = "<group>"; };
		78B05B392BBD8C9000D74385 /* SearchModuleIO.swift */ = {isa = PBXFileReference; lastKnownFileType = sourcecode.swift; path = SearchModuleIO.swift; sourceTree = "<group>"; };
		78B05B3C2BBDA43800D74385 /* SearchViewState.swift */ = {isa = PBXFileReference; lastKnownFileType = sourcecode.swift; path = SearchViewState.swift; sourceTree = "<group>"; };
		78B05B3E2BBDA44F00D74385 /* SearchViewIntent.swift */ = {isa = PBXFileReference; lastKnownFileType = sourcecode.swift; path = SearchViewIntent.swift; sourceTree = "<group>"; };
		78C1CAFC2BADC02700748F3D /* FoodZ.app */ = {isa = PBXFileReference; explicitFileType = wrapper.application; includeInIndex = 0; path = FoodZ.app; sourceTree = BUILT_PRODUCTS_DIR; };
		78C1CB092BADC02700748F3D /* FoodZ.xcdatamodel */ = {isa = PBXFileReference; lastKnownFileType = wrapper.xcdatamodel; path = FoodZ.xcdatamodel; sourceTree = "<group>"; };
		78C1CB0B2BADC02900748F3D /* Assets.xcassets */ = {isa = PBXFileReference; lastKnownFileType = folder.assetcatalog; path = Assets.xcassets; sourceTree = "<group>"; };
		78C1CB0E2BADC02900748F3D /* Base */ = {isa = PBXFileReference; lastKnownFileType = file.storyboard; name = Base; path = Base.lproj/LaunchScreen.storyboard; sourceTree = "<group>"; };
		78C1CB102BADC02900748F3D /* Info.plist */ = {isa = PBXFileReference; lastKnownFileType = text.plist.xml; path = Info.plist; sourceTree = "<group>"; };
		78C1CB172BADC04800748F3D /* Builder.swift */ = {isa = PBXFileReference; fileEncoding = 4; lastKnownFileType = sourcecode.swift; path = Builder.swift; sourceTree = "<group>"; };
		78C1CB182BADC04800748F3D /* NetworkManagerProtocol.swift */ = {isa = PBXFileReference; fileEncoding = 4; lastKnownFileType = sourcecode.swift; path = NetworkManagerProtocol.swift; sourceTree = "<group>"; };
		78C1CB192BADC04800748F3D /* ViewModule.swift */ = {isa = PBXFileReference; fileEncoding = 4; lastKnownFileType = sourcecode.swift; path = ViewModule.swift; sourceTree = "<group>"; };
		78C1CB1B2BADC04800748F3D /* Coordinator.swift */ = {isa = PBXFileReference; fileEncoding = 4; lastKnownFileType = sourcecode.swift; path = Coordinator.swift; sourceTree = "<group>"; };
		78C1CB1D2BADC04800748F3D /* CoordinatorFactory.swift */ = {isa = PBXFileReference; fileEncoding = 4; lastKnownFileType = sourcecode.swift; path = CoordinatorFactory.swift; sourceTree = "<group>"; };
		78C1CB1F2BADC04800748F3D /* CartViewController.swift */ = {isa = PBXFileReference; fileEncoding = 4; lastKnownFileType = sourcecode.swift; path = CartViewController.swift; sourceTree = "<group>"; };
		78C1CB202BADC04800748F3D /* HomeViewController.swift */ = {isa = PBXFileReference; fileEncoding = 4; lastKnownFileType = sourcecode.swift; path = HomeViewController.swift; sourceTree = "<group>"; };
		78C1CB212BADC04800748F3D /* ProfileViewController.swift */ = {isa = PBXFileReference; fileEncoding = 4; lastKnownFileType = sourcecode.swift; path = ProfileViewController.swift; sourceTree = "<group>"; };
		78C1CB222BADC04800748F3D /* SavedViewController.swift */ = {isa = PBXFileReference; fileEncoding = 4; lastKnownFileType = sourcecode.swift; path = SavedViewController.swift; sourceTree = "<group>"; };
		78C1CB242BADC04800748F3D /* MainTabBarBuilder.swift */ = {isa = PBXFileReference; fileEncoding = 4; lastKnownFileType = sourcecode.swift; path = MainTabBarBuilder.swift; sourceTree = "<group>"; };
		78C1CB252BADC04800748F3D /* MainTabBarController.swift */ = {isa = PBXFileReference; fileEncoding = 4; lastKnownFileType = sourcecode.swift; path = MainTabBarController.swift; sourceTree = "<group>"; };
		78C1CB282BADC04800748F3D /* AuthModuleIO.swift */ = {isa = PBXFileReference; fileEncoding = 4; lastKnownFileType = sourcecode.swift; path = AuthModuleIO.swift; sourceTree = "<group>"; };
		78C1CB2A2BADC04800748F3D /* AuthorizationViewIntent.swift */ = {isa = PBXFileReference; fileEncoding = 4; lastKnownFileType = sourcecode.swift; path = AuthorizationViewIntent.swift; sourceTree = "<group>"; };
		78C1CB2B2BADC04800748F3D /* AuthorizationViewState.swift */ = {isa = PBXFileReference; fileEncoding = 4; lastKnownFileType = sourcecode.swift; path = AuthorizationViewState.swift; sourceTree = "<group>"; };
		78C1CB2C2BADC04800748F3D /* AuthorizationViewModel.swift */ = {isa = PBXFileReference; fileEncoding = 4; lastKnownFileType = sourcecode.swift; path = AuthorizationViewModel.swift; sourceTree = "<group>"; };
		78C1CB2E2BADC04800748F3D /* AuthorizationViewController.swift */ = {isa = PBXFileReference; fileEncoding = 4; lastKnownFileType = sourcecode.swift; path = AuthorizationViewController.swift; sourceTree = "<group>"; };
		78C1CB302BADC04800748F3D /* AuthorizationModulBuilder.swift */ = {isa = PBXFileReference; fileEncoding = 4; lastKnownFileType = sourcecode.swift; path = AuthorizationModulBuilder.swift; sourceTree = "<group>"; };
		78C1CB332BADC04800748F3D /* RegModuleIO.swift */ = {isa = PBXFileReference; fileEncoding = 4; lastKnownFileType = sourcecode.swift; path = RegModuleIO.swift; sourceTree = "<group>"; };
		78C1CB342BADC04800748F3D /* RegistrationViewModel.swift */ = {isa = PBXFileReference; fileEncoding = 4; lastKnownFileType = sourcecode.swift; path = RegistrationViewModel.swift; sourceTree = "<group>"; };
		78C1CB362BADC04800748F3D /* RegistrationViewState.swift */ = {isa = PBXFileReference; fileEncoding = 4; lastKnownFileType = sourcecode.swift; path = RegistrationViewState.swift; sourceTree = "<group>"; };
		78C1CB372BADC04800748F3D /* RegistrationViewIntent.swift */ = {isa = PBXFileReference; fileEncoding = 4; lastKnownFileType = sourcecode.swift; path = RegistrationViewIntent.swift; sourceTree = "<group>"; };
		78C1CB3A2BADC04800748F3D /* RegistrationViewController.swift */ = {isa = PBXFileReference; fileEncoding = 4; lastKnownFileType = sourcecode.swift; path = RegistrationViewController.swift; sourceTree = "<group>"; };
		78C1CB3B2BADC04800748F3D /* RegistrationModulBuilder.swift */ = {isa = PBXFileReference; fileEncoding = 4; lastKnownFileType = sourcecode.swift; path = RegistrationModulBuilder.swift; sourceTree = "<group>"; };
		78C1CB3D2BADC04800748F3D /* AppDelegate.swift */ = {isa = PBXFileReference; fileEncoding = 4; lastKnownFileType = sourcecode.swift; path = AppDelegate.swift; sourceTree = "<group>"; };
		78C1CB3E2BADC04800748F3D /* SceneDelegate.swift */ = {isa = PBXFileReference; fileEncoding = 4; lastKnownFileType = sourcecode.swift; path = SceneDelegate.swift; sourceTree = "<group>"; };
		78C1CB402BADC04800748F3D /* AppCoordinator.swift */ = {isa = PBXFileReference; fileEncoding = 4; lastKnownFileType = sourcecode.swift; path = AppCoordinator.swift; sourceTree = "<group>"; };
		78C1CB412BADC04800748F3D /* AuthorizationCoordinator.swift */ = {isa = PBXFileReference; fileEncoding = 4; lastKnownFileType = sourcecode.swift; path = AuthorizationCoordinator.swift; sourceTree = "<group>"; };
		78C1CB432BADC04800748F3D /* MockNetworkManager.swift */ = {isa = PBXFileReference; fileEncoding = 4; lastKnownFileType = sourcecode.swift; path = MockNetworkManager.swift; sourceTree = "<group>"; };
		78C1CB442BADC04800748F3D /* NetworkInterceptor.swift */ = {isa = PBXFileReference; fileEncoding = 4; lastKnownFileType = sourcecode.swift; path = NetworkInterceptor.swift; sourceTree = "<group>"; };
		78C1CB452BADC04800748F3D /* NetworkManager.swift */ = {isa = PBXFileReference; fileEncoding = 4; lastKnownFileType = sourcecode.swift; path = NetworkManager.swift; sourceTree = "<group>"; };
		78C1CB462BADC04800748F3D /* APIRouter.swift */ = {isa = PBXFileReference; fileEncoding = 4; lastKnownFileType = sourcecode.swift; path = APIRouter.swift; sourceTree = "<group>"; };
		78C1CB472BADC04800748F3D /* TokenManager.swift */ = {isa = PBXFileReference; fileEncoding = 4; lastKnownFileType = sourcecode.swift; path = TokenManager.swift; sourceTree = "<group>"; };
/* End PBXFileReference section */

/* Begin PBXFrameworksBuildPhase section */
		78C1CAF92BADC02700748F3D /* Frameworks */ = {
			isa = PBXFrameworksBuildPhase;
			buildActionMask = 2147483647;
			files = (
				78C1CB732BADC0A700748F3D /* Alamofire in Frameworks */,
				78C1CB752BADC0A700748F3D /* AlamofireDynamic in Frameworks */,
				78C1CB6E2BADC09300748F3D /* SnapKit in Frameworks */,
				78C1CB702BADC09300748F3D /* SnapKit-Dynamic in Frameworks */,
			);
			runOnlyForDeploymentPostprocessing = 0;
		};
/* End PBXFrameworksBuildPhase section */

/* Begin PBXGroup section */
		78B05A812BB3675A00D74385 /* CartView */ = {
			isa = PBXGroup;
			children = (
				78C1CB1F2BADC04800748F3D /* CartViewController.swift */,
			);
			path = CartView;
			sourceTree = "<group>";
		};
		78B05A822BB3677500D74385 /* HomeView */ = {
			isa = PBXGroup;
			children = (
				78B05B002BB991E100D74385 /* HomeViewBuilder.swift */,
				78B05AA22BB4671900D74385 /* Bindings */,
				78B05A862BB367A200D74385 /* ViewModel */,
				78B05A852BB3679D00D74385 /* View */,
			);
			path = HomeView;
			sourceTree = "<group>";
		};
		78B05A832BB3677C00D74385 /* ProfileView */ = {
			isa = PBXGroup;
			children = (
				78C1CB212BADC04800748F3D /* ProfileViewController.swift */,
			);
			path = ProfileView;
			sourceTree = "<group>";
		};
		78B05A842BB3678200D74385 /* SavedView */ = {
			isa = PBXGroup;
			children = (
				78C1CB222BADC04800748F3D /* SavedViewController.swift */,
			);
			path = SavedView;
			sourceTree = "<group>";
		};
		78B05A852BB3679D00D74385 /* View */ = {
			isa = PBXGroup;
			children = (
				78C1CB202BADC04800748F3D /* HomeViewController.swift */,
				78B05AA72BB4692C00D74385 /* MediumTableCell.swift */,
				78B05AB52BB5E19500D74385 /* SingleCollectionViewCell.swift */,
				78B05AD82BB8B1E300D74385 /* SectionHeader.swift */,
				78B05ADA2BB8BA9500D74385 /* Section.swift */,
				78B05B302BBC126400D74385 /* SearchHeader.swift */,
			);
			path = View;
			sourceTree = "<group>";
		};
		78B05A862BB367A200D74385 /* ViewModel */ = {
			isa = PBXGroup;
			children = (
				78B05A882BB367C300D74385 /* HomeViewModel.swift */,
				78B05A8E2BB465C900D74385 /* HomeModuleIO.swift */,
				78B05AD42BB6F35B00D74385 /* HomeCoreDataManager.swift */,
				78B05B022BB9D4F500D74385 /* HomeLocalRepository.swift */,
				78B05B062BBA881500D74385 /* HomeLoadRepository.swift */,
			);
			path = ViewModel;
			sourceTree = "<group>";
		};
		78B05AA22BB4671900D74385 /* Bindings */ = {
			isa = PBXGroup;
			children = (
				78B05AA32BB4673800D74385 /* HomeViewIntent.swift */,
				78B05AA52BB4674200D74385 /* HomeViewState.swift */,
			);
			path = Bindings;
			sourceTree = "<group>";
		};
		78B05AC32BB6F19F00D74385 /* CoredataEntity */ = {
			isa = PBXGroup;
			children = (
				78B05B1C2BBAA0AD00D74385 /* PickupPointCD+CoreDataClass.swift */,
				78B05B1D2BBAA0AD00D74385 /* PickupPointCD+CoreDataProperties.swift */,
				78B05B1E2BBAA0AD00D74385 /* ProductCD+CoreDataClass.swift */,
				78B05B1F2BBAA0AD00D74385 /* ProductCD+CoreDataProperties.swift */,
				78B05B202BBAA0AD00D74385 /* SectionCD+CoreDataClass.swift */,
				78B05B212BBAA0AD00D74385 /* SectionCD+CoreDataProperties.swift */,
				78B05B222BBAA0AD00D74385 /* UserCD+CoreDataClass.swift */,
				78B05B232BBAA0AD00D74385 /* UserCD+CoreDataProperties.swift */,
				78B05B242BBAA0AD00D74385 /* ImageCD+CoreDataClass.swift */,
				78B05B252BBAA0AD00D74385 /* ImageCD+CoreDataProperties.swift */,
			);
			path = CoredataEntity;
			sourceTree = "<group>";
		};
		78B05B342BBD8C2F00D74385 /* SearchView */ = {
			isa = PBXGroup;
			children = (
				78B05B3B2BBDA41F00D74385 /* Bindings */,
				78B05B352BBD8C4D00D74385 /* SearchViewController.swift */,
				78B05B372BBD8C7400D74385 /* SearchViewModel.swift */,
				78B05B392BBD8C9000D74385 /* SearchModuleIO.swift */,
			);
			path = SearchView;
			sourceTree = "<group>";
		};
		78B05B3B2BBDA41F00D74385 /* Bindings */ = {
			isa = PBXGroup;
			children = (
				78B05B3C2BBDA43800D74385 /* SearchViewState.swift */,
				78B05B3E2BBDA44F00D74385 /* SearchViewIntent.swift */,
			);
			path = Bindings;
			sourceTree = "<group>";
		};
		78C1CAF32BADC02700748F3D = {
			isa = PBXGroup;
			children = (
				78C1CAFE2BADC02700748F3D /* FoodZ */,
				78C1CAFD2BADC02700748F3D /* Products */,
			);
			sourceTree = "<group>";
		};
		78C1CAFD2BADC02700748F3D /* Products */ = {
			isa = PBXGroup;
			children = (
				78C1CAFC2BADC02700748F3D /* FoodZ.app */,
			);
			name = Products;
			sourceTree = "<group>";
		};
		78C1CAFE2BADC02700748F3D /* FoodZ */ = {
			isa = PBXGroup;
			children = (
				78B05AC32BB6F19F00D74385 /* CoredataEntity */,
				78C1CB312BADC04800748F3D /* RegistrationView */,
				78C1CB3C2BADC04800748F3D /* AppDelegate */,
				78C1CB262BADC04800748F3D /* AuthorizationView */,
				78C1CB162BADC04800748F3D /* Base */,
				78C1CB3F2BADC04800748F3D /* Coordinators */,
				78C1CB1C2BADC04800748F3D /* Factories */,
				78C1CB1E2BADC04800748F3D /* MainControllers */,
				78C1CB232BADC04800748F3D /* TabBar */,
				78C1CB422BADC04800748F3D /* WebService */,
				78C1CB0B2BADC02900748F3D /* Assets.xcassets */,
				78B05AFC2BB98A7800D74385 /* foodz.json */,
				78C1CB0D2BADC02900748F3D /* LaunchScreen.storyboard */,
				78C1CB102BADC02900748F3D /* Info.plist */,
				78C1CB082BADC02700748F3D /* FoodZ.xcdatamodeld */,
			);
			path = FoodZ;
			sourceTree = "<group>";
		};
		78C1CB162BADC04800748F3D /* Base */ = {
			isa = PBXGroup;
			children = (
				78C1CB172BADC04800748F3D /* Builder.swift */,
				78C1CB182BADC04800748F3D /* NetworkManagerProtocol.swift */,
				78C1CB192BADC04800748F3D /* ViewModule.swift */,
				78C1CB1B2BADC04800748F3D /* Coordinator.swift */,
				78B05A7F2BB2EC8B00D74385 /* AppColor.swift */,
				78B05AA92BB4694E00D74385 /* SelfConfiguringCell.swift */,
				78B05AD62BB6F37A00D74385 /* CoreDataManager.swift */,
				78B05AFE2BB98B8300D74385 /* Bundle-Decodable.swift */,
				78B05B042BB9D56800D74385 /* LocalRepository.swift */,
			);
			path = Base;
			sourceTree = "<group>";
		};
		78C1CB1C2BADC04800748F3D /* Factories */ = {
			isa = PBXGroup;
			children = (
				78C1CB1D2BADC04800748F3D /* CoordinatorFactory.swift */,
			);
			path = Factories;
			sourceTree = "<group>";
		};
		78C1CB1E2BADC04800748F3D /* MainControllers */ = {
			isa = PBXGroup;
			children = (
				78B05B342BBD8C2F00D74385 /* SearchView */,
				78B05A842BB3678200D74385 /* SavedView */,
				78B05A832BB3677C00D74385 /* ProfileView */,
				78B05A822BB3677500D74385 /* HomeView */,
				78B05A812BB3675A00D74385 /* CartView */,
			);
			path = MainControllers;
			sourceTree = "<group>";
		};
		78C1CB232BADC04800748F3D /* TabBar */ = {
			isa = PBXGroup;
			children = (
				78C1CB242BADC04800748F3D /* MainTabBarBuilder.swift */,
				78C1CB252BADC04800748F3D /* MainTabBarController.swift */,
			);
			path = TabBar;
			sourceTree = "<group>";
		};
		78C1CB262BADC04800748F3D /* AuthorizationView */ = {
			isa = PBXGroup;
			children = (
				78C1CB272BADC04800748F3D /* ViewModel */,
				78C1CB2D2BADC04800748F3D /* View */,
				78C1CB302BADC04800748F3D /* AuthorizationModulBuilder.swift */,
			);
			path = AuthorizationView;
			sourceTree = "<group>";
		};
		78C1CB272BADC04800748F3D /* ViewModel */ = {
			isa = PBXGroup;
			children = (
				78C1CB2C2BADC04800748F3D /* AuthorizationViewModel.swift */,
				78C1CB282BADC04800748F3D /* AuthModuleIO.swift */,
				78C1CB292BADC04800748F3D /* BIndings */,
			);
			path = ViewModel;
			sourceTree = "<group>";
		};
		78C1CB292BADC04800748F3D /* BIndings */ = {
			isa = PBXGroup;
			children = (
				78C1CB2A2BADC04800748F3D /* AuthorizationViewIntent.swift */,
				78C1CB2B2BADC04800748F3D /* AuthorizationViewState.swift */,
			);
			path = BIndings;
			sourceTree = "<group>";
		};
		78C1CB2D2BADC04800748F3D /* View */ = {
			isa = PBXGroup;
			children = (
				78C1CB2E2BADC04800748F3D /* AuthorizationViewController.swift */,
			);
			path = View;
			sourceTree = "<group>";
		};
		78C1CB312BADC04800748F3D /* RegistrationView */ = {
			isa = PBXGroup;
			children = (
				78C1CB322BADC04800748F3D /* ViewModel */,
				78C1CB382BADC04800748F3D /* View */,
				78C1CB3B2BADC04800748F3D /* RegistrationModulBuilder.swift */,
			);
			path = RegistrationView;
			sourceTree = "<group>";
		};
		78C1CB322BADC04800748F3D /* ViewModel */ = {
			isa = PBXGroup;
			children = (
				78C1CB332BADC04800748F3D /* RegModuleIO.swift */,
				78C1CB342BADC04800748F3D /* RegistrationViewModel.swift */,
				78C1CB352BADC04800748F3D /* Bindings */,
			);
			path = ViewModel;
			sourceTree = "<group>";
		};
		78C1CB352BADC04800748F3D /* Bindings */ = {
			isa = PBXGroup;
			children = (
				78C1CB362BADC04800748F3D /* RegistrationViewState.swift */,
				78C1CB372BADC04800748F3D /* RegistrationViewIntent.swift */,
			);
			path = Bindings;
			sourceTree = "<group>";
		};
		78C1CB382BADC04800748F3D /* View */ = {
			isa = PBXGroup;
			children = (
				78C1CB3A2BADC04800748F3D /* RegistrationViewController.swift */,
			);
			path = View;
			sourceTree = "<group>";
		};
		78C1CB3C2BADC04800748F3D /* AppDelegate */ = {
			isa = PBXGroup;
			children = (
				78C1CB3D2BADC04800748F3D /* AppDelegate.swift */,
				78C1CB3E2BADC04800748F3D /* SceneDelegate.swift */,
			);
			path = AppDelegate;
			sourceTree = "<group>";
		};
		78C1CB3F2BADC04800748F3D /* Coordinators */ = {
			isa = PBXGroup;
			children = (
				78C1CB402BADC04800748F3D /* AppCoordinator.swift */,
				78C1CB412BADC04800748F3D /* AuthorizationCoordinator.swift */,
				78B05A8C2BB462F500D74385 /* HomeCoordinator.swift */,
			);
			path = Coordinators;
			sourceTree = "<group>";
		};
		78C1CB422BADC04800748F3D /* WebService */ = {
			isa = PBXGroup;
			children = (
				78C1CB432BADC04800748F3D /* MockNetworkManager.swift */,
				78C1CB442BADC04800748F3D /* NetworkInterceptor.swift */,
				78C1CB452BADC04800748F3D /* NetworkManager.swift */,
				78C1CB462BADC04800748F3D /* APIRouter.swift */,
				78C1CB472BADC04800748F3D /* TokenManager.swift */,
			);
			path = WebService;
			sourceTree = "<group>";
		};
/* End PBXGroup section */

/* Begin PBXNativeTarget section */
		78C1CAFB2BADC02700748F3D /* FoodZ */ = {
			isa = PBXNativeTarget;
			buildConfigurationList = 78C1CB132BADC02900748F3D /* Build configuration list for PBXNativeTarget "FoodZ" */;
			buildPhases = (
				78C1CAF82BADC02700748F3D /* Sources */,
				78C1CAF92BADC02700748F3D /* Frameworks */,
				78C1CAFA2BADC02700748F3D /* Resources */,
				78C1CB6B2BADC06800748F3D /* Run Script */,
			);
			buildRules = (
			);
			dependencies = (
			);
			name = FoodZ;
			packageProductDependencies = (
				78C1CB6D2BADC09300748F3D /* SnapKit */,
				78C1CB6F2BADC09300748F3D /* SnapKit-Dynamic */,
				78C1CB722BADC0A700748F3D /* Alamofire */,
				78C1CB742BADC0A700748F3D /* AlamofireDynamic */,
			);
			productName = FoodZ;
			productReference = 78C1CAFC2BADC02700748F3D /* FoodZ.app */;
			productType = "com.apple.product-type.application";
		};
/* End PBXNativeTarget section */

/* Begin PBXProject section */
		78C1CAF42BADC02700748F3D /* Project object */ = {
			isa = PBXProject;
			attributes = {
				BuildIndependentTargetsInParallel = 1;
				LastSwiftUpdateCheck = 1520;
				LastUpgradeCheck = 1520;
				TargetAttributes = {
					78C1CAFB2BADC02700748F3D = {
						CreatedOnToolsVersion = 15.2;
					};
				};
			};
			buildConfigurationList = 78C1CAF72BADC02700748F3D /* Build configuration list for PBXProject "FoodZ" */;
			compatibilityVersion = "Xcode 14.0";
			developmentRegion = en;
			hasScannedForEncodings = 0;
			knownRegions = (
				en,
				Base,
			);
			mainGroup = 78C1CAF32BADC02700748F3D;
			packageReferences = (
				78C1CB6C2BADC09300748F3D /* XCRemoteSwiftPackageReference "SnapKit" */,
				78C1CB712BADC0A700748F3D /* XCRemoteSwiftPackageReference "Alamofire" */,
			);
			productRefGroup = 78C1CAFD2BADC02700748F3D /* Products */;
			projectDirPath = "";
			projectRoot = "";
			targets = (
				78C1CAFB2BADC02700748F3D /* FoodZ */,
			);
		};
/* End PBXProject section */

/* Begin PBXResourcesBuildPhase section */
		78C1CAFA2BADC02700748F3D /* Resources */ = {
			isa = PBXResourcesBuildPhase;
			buildActionMask = 2147483647;
			files = (
				78C1CB0F2BADC02900748F3D /* LaunchScreen.storyboard in Resources */,
				78B05AFD2BB98A7800D74385 /* foodz.json in Resources */,
				78C1CB0C2BADC02900748F3D /* Assets.xcassets in Resources */,
			);
			runOnlyForDeploymentPostprocessing = 0;
		};
/* End PBXResourcesBuildPhase section */

/* Begin PBXShellScriptBuildPhase section */
		78C1CB6B2BADC06800748F3D /* Run Script */ = {
			isa = PBXShellScriptBuildPhase;
			alwaysOutOfDate = 1;
			buildActionMask = 2147483647;
			files = (
			);
			inputFileListPaths = (
			);
			inputPaths = (
			);
			name = "Run Script";
			outputFileListPaths = (
			);
			outputPaths = (
			);
			runOnlyForDeploymentPostprocessing = 0;
			shellPath = /bin/sh;
			shellScript = "export PATH=\"$PATH:/opt/homebrew/bin\"\nif which swiftlint >/dev/null; then\n  swiftlint\nelse\n  echo \"error: SwiftLint does not exist, download it from https://github.com/realm/SwiftLint\"\n  exit 1\nfi\n";
			showEnvVarsInLog = 0;
		};
/* End PBXShellScriptBuildPhase section */

/* Begin PBXSourcesBuildPhase section */
		78C1CAF82BADC02700748F3D /* Sources */ = {
			isa = PBXSourcesBuildPhase;
			buildActionMask = 2147483647;
			files = (
				78C1CB642BADC04800748F3D /* AppCoordinator.swift in Sources */,
				78C1CB612BADC04800748F3D /* RegistrationModulBuilder.swift in Sources */,
				78C1CB582BADC04800748F3D /* AuthorizationViewController.swift in Sources */,
				78B05AA62BB4674200D74385 /* HomeViewState.swift in Sources */,
				78C1CB0A2BADC02700748F3D /* FoodZ.xcdatamodeld in Sources */,
				78B05B2F2BBAA0AD00D74385 /* ImageCD+CoreDataProperties.swift in Sources */,
				78C1CB662BADC04800748F3D /* MockNetworkManager.swift in Sources */,
				78B05ADB2BB8BA9500D74385 /* Section.swift in Sources */,
				78C1CB512BADC04800748F3D /* SavedViewController.swift in Sources */,
				78C1CB672BADC04800748F3D /* NetworkInterceptor.swift in Sources */,
				78B05A8D2BB462F500D74385 /* HomeCoordinator.swift in Sources */,
				78B05B2C2BBAA0AD00D74385 /* UserCD+CoreDataClass.swift in Sources */,
				78C1CB572BADC04800748F3D /* AuthorizationViewModel.swift in Sources */,
				78C1CB4A2BADC04800748F3D /* ViewModule.swift in Sources */,
				78B05B2B2BBAA0AD00D74385 /* SectionCD+CoreDataProperties.swift in Sources */,
				78B05B312BBC126400D74385 /* SearchHeader.swift in Sources */,
				78B05AD52BB6F35B00D74385 /* HomeCoreDataManager.swift in Sources */,
				78B05A892BB367C300D74385 /* HomeViewModel.swift in Sources */,
				78C1CB5B2BADC04800748F3D /* RegModuleIO.swift in Sources */,
				78B05AFF2BB98B8300D74385 /* Bundle-Decodable.swift in Sources */,
				78B05AA42BB4673800D74385 /* HomeViewIntent.swift in Sources */,
				78C1CB5E2BADC04800748F3D /* RegistrationViewIntent.swift in Sources */,
				78C1CB552BADC04800748F3D /* AuthorizationViewIntent.swift in Sources */,
				78B05AAA2BB4694E00D74385 /* SelfConfiguringCell.swift in Sources */,
				78C1CB5A2BADC04800748F3D /* AuthorizationModulBuilder.swift in Sources */,
				78C1CB542BADC04800748F3D /* AuthModuleIO.swift in Sources */,
				78B05B292BBAA0AD00D74385 /* ProductCD+CoreDataProperties.swift in Sources */,
				78C1CB682BADC04800748F3D /* NetworkManager.swift in Sources */,
				78B05A802BB2EC8B00D74385 /* AppColor.swift in Sources */,
				78C1CB492BADC04800748F3D /* NetworkManagerProtocol.swift in Sources */,
				78B05B2D2BBAA0AD00D74385 /* UserCD+CoreDataProperties.swift in Sources */,
				78C1CB4E2BADC04800748F3D /* CartViewController.swift in Sources */,
				78B05B3D2BBDA43800D74385 /* SearchViewState.swift in Sources */,
				78B05B2E2BBAA0AD00D74385 /* ImageCD+CoreDataClass.swift in Sources */,
				78C1CB692BADC04800748F3D /* APIRouter.swift in Sources */,
				78C1CB482BADC04800748F3D /* Builder.swift in Sources */,
				78C1CB532BADC04800748F3D /* MainTabBarController.swift in Sources */,
				78B05B072BBA881500D74385 /* HomeLoadRepository.swift in Sources */,
				78B05AB62BB5E19500D74385 /* SingleCollectionViewCell.swift in Sources */,
				78B05AA82BB4692C00D74385 /* MediumTableCell.swift in Sources */,
				78C1CB562BADC04800748F3D /* AuthorizationViewState.swift in Sources */,
				78B05B2A2BBAA0AD00D74385 /* SectionCD+CoreDataClass.swift in Sources */,
				78C1CB622BADC04800748F3D /* AppDelegate.swift in Sources */,
				78B05B3A2BBD8C9000D74385 /* SearchModuleIO.swift in Sources */,
				78C1CB652BADC04800748F3D /* AuthorizationCoordinator.swift in Sources */,
				78C1CB632BADC04800748F3D /* SceneDelegate.swift in Sources */,
				78C1CB4C2BADC04800748F3D /* Coordinator.swift in Sources */,
				78B05B012BB991E100D74385 /* HomeViewBuilder.swift in Sources */,
				78B05AD72BB6F37A00D74385 /* CoreDataManager.swift in Sources */,
				78C1CB5C2BADC04800748F3D /* RegistrationViewModel.swift in Sources */,
				78C1CB502BADC04800748F3D /* ProfileViewController.swift in Sources */,
				78B05B382BBD8C7500D74385 /* SearchViewModel.swift in Sources */,
				78C1CB4D2BADC04800748F3D /* CoordinatorFactory.swift in Sources */,
				78B05B052BB9D56800D74385 /* LocalRepository.swift in Sources */,
				78C1CB6A2BADC04800748F3D /* TokenManager.swift in Sources */,
				78C1CB5D2BADC04800748F3D /* RegistrationViewState.swift in Sources */,
				78B05B3F2BBDA44F00D74385 /* SearchViewIntent.swift in Sources */,
				78B05B262BBAA0AD00D74385 /* PickupPointCD+CoreDataClass.swift in Sources */,
				78B05B272BBAA0AD00D74385 /* PickupPointCD+CoreDataProperties.swift in Sources */,
				78C1CB4F2BADC04800748F3D /* HomeViewController.swift in Sources */,
				78C1CB522BADC04800748F3D /* MainTabBarBuilder.swift in Sources */,
				78B05B362BBD8C4D00D74385 /* SearchViewController.swift in Sources */,
				78B05AD92BB8B1E300D74385 /* SectionHeader.swift in Sources */,
				78B05B282BBAA0AD00D74385 /* ProductCD+CoreDataClass.swift in Sources */,
				78B05B032BB9D4F500D74385 /* HomeLocalRepository.swift in Sources */,
				78B05A8F2BB465C900D74385 /* HomeModuleIO.swift in Sources */,
				78C1CB602BADC04800748F3D /* RegistrationViewController.swift in Sources */,
			);
			runOnlyForDeploymentPostprocessing = 0;
		};
/* End PBXSourcesBuildPhase section */

/* Begin PBXVariantGroup section */
		78C1CB0D2BADC02900748F3D /* LaunchScreen.storyboard */ = {
			isa = PBXVariantGroup;
			children = (
				78C1CB0E2BADC02900748F3D /* Base */,
			);
			name = LaunchScreen.storyboard;
			sourceTree = "<group>";
		};
/* End PBXVariantGroup section */

/* Begin XCBuildConfiguration section */
		78C1CB112BADC02900748F3D /* Debug */ = {
			isa = XCBuildConfiguration;
			buildSettings = {
				ALWAYS_SEARCH_USER_PATHS = NO;
				ASSETCATALOG_COMPILER_GENERATE_SWIFT_ASSET_SYMBOL_EXTENSIONS = YES;
				CLANG_ANALYZER_NONNULL = YES;
				CLANG_ANALYZER_NUMBER_OBJECT_CONVERSION = YES_AGGRESSIVE;
				CLANG_CXX_LANGUAGE_STANDARD = "gnu++20";
				CLANG_ENABLE_MODULES = YES;
				CLANG_ENABLE_OBJC_ARC = YES;
				CLANG_ENABLE_OBJC_WEAK = YES;
				CLANG_WARN_BLOCK_CAPTURE_AUTORELEASING = YES;
				CLANG_WARN_BOOL_CONVERSION = YES;
				CLANG_WARN_COMMA = YES;
				CLANG_WARN_CONSTANT_CONVERSION = YES;
				CLANG_WARN_DEPRECATED_OBJC_IMPLEMENTATIONS = YES;
				CLANG_WARN_DIRECT_OBJC_ISA_USAGE = YES_ERROR;
				CLANG_WARN_DOCUMENTATION_COMMENTS = YES;
				CLANG_WARN_EMPTY_BODY = YES;
				CLANG_WARN_ENUM_CONVERSION = YES;
				CLANG_WARN_INFINITE_RECURSION = YES;
				CLANG_WARN_INT_CONVERSION = YES;
				CLANG_WARN_NON_LITERAL_NULL_CONVERSION = YES;
				CLANG_WARN_OBJC_IMPLICIT_RETAIN_SELF = YES;
				CLANG_WARN_OBJC_LITERAL_CONVERSION = YES;
				CLANG_WARN_OBJC_ROOT_CLASS = YES_ERROR;
				CLANG_WARN_QUOTED_INCLUDE_IN_FRAMEWORK_HEADER = YES;
				CLANG_WARN_RANGE_LOOP_ANALYSIS = YES;
				CLANG_WARN_STRICT_PROTOTYPES = YES;
				CLANG_WARN_SUSPICIOUS_MOVE = YES;
				CLANG_WARN_UNGUARDED_AVAILABILITY = YES_AGGRESSIVE;
				CLANG_WARN_UNREACHABLE_CODE = YES;
				CLANG_WARN__DUPLICATE_METHOD_MATCH = YES;
				COPY_PHASE_STRIP = NO;
				DEBUG_INFORMATION_FORMAT = dwarf;
				ENABLE_STRICT_OBJC_MSGSEND = YES;
				ENABLE_TESTABILITY = YES;
				ENABLE_USER_SCRIPT_SANDBOXING = YES;
				GCC_C_LANGUAGE_STANDARD = gnu17;
				GCC_DYNAMIC_NO_PIC = NO;
				GCC_NO_COMMON_BLOCKS = YES;
				GCC_OPTIMIZATION_LEVEL = 0;
				GCC_PREPROCESSOR_DEFINITIONS = (
					"DEBUG=1",
					"$(inherited)",
				);
				GCC_WARN_64_TO_32_BIT_CONVERSION = YES;
				GCC_WARN_ABOUT_RETURN_TYPE = YES_ERROR;
				GCC_WARN_UNDECLARED_SELECTOR = YES;
				GCC_WARN_UNINITIALIZED_AUTOS = YES_AGGRESSIVE;
				GCC_WARN_UNUSED_FUNCTION = YES;
				GCC_WARN_UNUSED_VARIABLE = YES;
				IPHONEOS_DEPLOYMENT_TARGET = 17.2;
				LOCALIZATION_PREFERS_STRING_CATALOGS = YES;
				MTL_ENABLE_DEBUG_INFO = INCLUDE_SOURCE;
				MTL_FAST_MATH = YES;
				ONLY_ACTIVE_ARCH = YES;
				SDKROOT = iphoneos;
				SWIFT_ACTIVE_COMPILATION_CONDITIONS = "DEBUG $(inherited)";
				SWIFT_OPTIMIZATION_LEVEL = "-Onone";
			};
			name = Debug;
		};
		78C1CB122BADC02900748F3D /* Release */ = {
			isa = XCBuildConfiguration;
			buildSettings = {
				ALWAYS_SEARCH_USER_PATHS = NO;
				ASSETCATALOG_COMPILER_GENERATE_SWIFT_ASSET_SYMBOL_EXTENSIONS = YES;
				CLANG_ANALYZER_NONNULL = YES;
				CLANG_ANALYZER_NUMBER_OBJECT_CONVERSION = YES_AGGRESSIVE;
				CLANG_CXX_LANGUAGE_STANDARD = "gnu++20";
				CLANG_ENABLE_MODULES = YES;
				CLANG_ENABLE_OBJC_ARC = YES;
				CLANG_ENABLE_OBJC_WEAK = YES;
				CLANG_WARN_BLOCK_CAPTURE_AUTORELEASING = YES;
				CLANG_WARN_BOOL_CONVERSION = YES;
				CLANG_WARN_COMMA = YES;
				CLANG_WARN_CONSTANT_CONVERSION = YES;
				CLANG_WARN_DEPRECATED_OBJC_IMPLEMENTATIONS = YES;
				CLANG_WARN_DIRECT_OBJC_ISA_USAGE = YES_ERROR;
				CLANG_WARN_DOCUMENTATION_COMMENTS = YES;
				CLANG_WARN_EMPTY_BODY = YES;
				CLANG_WARN_ENUM_CONVERSION = YES;
				CLANG_WARN_INFINITE_RECURSION = YES;
				CLANG_WARN_INT_CONVERSION = YES;
				CLANG_WARN_NON_LITERAL_NULL_CONVERSION = YES;
				CLANG_WARN_OBJC_IMPLICIT_RETAIN_SELF = YES;
				CLANG_WARN_OBJC_LITERAL_CONVERSION = YES;
				CLANG_WARN_OBJC_ROOT_CLASS = YES_ERROR;
				CLANG_WARN_QUOTED_INCLUDE_IN_FRAMEWORK_HEADER = YES;
				CLANG_WARN_RANGE_LOOP_ANALYSIS = YES;
				CLANG_WARN_STRICT_PROTOTYPES = YES;
				CLANG_WARN_SUSPICIOUS_MOVE = YES;
				CLANG_WARN_UNGUARDED_AVAILABILITY = YES_AGGRESSIVE;
				CLANG_WARN_UNREACHABLE_CODE = YES;
				CLANG_WARN__DUPLICATE_METHOD_MATCH = YES;
				COPY_PHASE_STRIP = NO;
				DEBUG_INFORMATION_FORMAT = "dwarf-with-dsym";
				ENABLE_NS_ASSERTIONS = NO;
				ENABLE_STRICT_OBJC_MSGSEND = YES;
				ENABLE_USER_SCRIPT_SANDBOXING = YES;
				GCC_C_LANGUAGE_STANDARD = gnu17;
				GCC_NO_COMMON_BLOCKS = YES;
				GCC_WARN_64_TO_32_BIT_CONVERSION = YES;
				GCC_WARN_ABOUT_RETURN_TYPE = YES_ERROR;
				GCC_WARN_UNDECLARED_SELECTOR = YES;
				GCC_WARN_UNINITIALIZED_AUTOS = YES_AGGRESSIVE;
				GCC_WARN_UNUSED_FUNCTION = YES;
				GCC_WARN_UNUSED_VARIABLE = YES;
				IPHONEOS_DEPLOYMENT_TARGET = 17.2;
				LOCALIZATION_PREFERS_STRING_CATALOGS = YES;
				MTL_ENABLE_DEBUG_INFO = NO;
				MTL_FAST_MATH = YES;
				SDKROOT = iphoneos;
				SWIFT_COMPILATION_MODE = wholemodule;
				VALIDATE_PRODUCT = YES;
			};
			name = Release;
		};
		78C1CB142BADC02900748F3D /* Debug */ = {
			isa = XCBuildConfiguration;
			buildSettings = {
				ASSETCATALOG_COMPILER_APPICON_NAME = AppIcon;
				ASSETCATALOG_COMPILER_GLOBAL_ACCENT_COLOR_NAME = AccentColor;
				CODE_SIGN_STYLE = Automatic;
				CURRENT_PROJECT_VERSION = 1;
				ENABLE_USER_SCRIPT_SANDBOXING = NO;
				GENERATE_INFOPLIST_FILE = YES;
				INFOPLIST_FILE = FoodZ/Info.plist;
				INFOPLIST_KEY_UIApplicationSupportsIndirectInputEvents = YES;
				INFOPLIST_KEY_UILaunchStoryboardName = LaunchScreen;
				INFOPLIST_KEY_UISupportedInterfaceOrientations_iPad = "UIInterfaceOrientationPortrait UIInterfaceOrientationPortraitUpsideDown UIInterfaceOrientationLandscapeLeft UIInterfaceOrientationLandscapeRight";
				INFOPLIST_KEY_UISupportedInterfaceOrientations_iPhone = "UIInterfaceOrientationPortrait UIInterfaceOrientationLandscapeLeft UIInterfaceOrientationLandscapeRight";
				LD_RUNPATH_SEARCH_PATHS = (
					"$(inherited)",
					"@executable_path/Frameworks",
				);
				MARKETING_VERSION = 1.0;
				PRODUCT_BUNDLE_IDENTIFIER = surexnx.FoodZ;
				PRODUCT_NAME = "$(TARGET_NAME)";
				SWIFT_EMIT_LOC_STRINGS = YES;
				SWIFT_VERSION = 5.0;
				TARGETED_DEVICE_FAMILY = "1,2";
			};
			name = Debug;
		};
		78C1CB152BADC02900748F3D /* Release */ = {
			isa = XCBuildConfiguration;
			buildSettings = {
				ASSETCATALOG_COMPILER_APPICON_NAME = AppIcon;
				ASSETCATALOG_COMPILER_GLOBAL_ACCENT_COLOR_NAME = AccentColor;
				CODE_SIGN_STYLE = Automatic;
				CURRENT_PROJECT_VERSION = 1;
				ENABLE_USER_SCRIPT_SANDBOXING = NO;
				GENERATE_INFOPLIST_FILE = YES;
				INFOPLIST_FILE = FoodZ/Info.plist;
				INFOPLIST_KEY_UIApplicationSupportsIndirectInputEvents = YES;
				INFOPLIST_KEY_UILaunchStoryboardName = LaunchScreen;
				INFOPLIST_KEY_UISupportedInterfaceOrientations_iPad = "UIInterfaceOrientationPortrait UIInterfaceOrientationPortraitUpsideDown UIInterfaceOrientationLandscapeLeft UIInterfaceOrientationLandscapeRight";
				INFOPLIST_KEY_UISupportedInterfaceOrientations_iPhone = "UIInterfaceOrientationPortrait UIInterfaceOrientationLandscapeLeft UIInterfaceOrientationLandscapeRight";
				LD_RUNPATH_SEARCH_PATHS = (
					"$(inherited)",
					"@executable_path/Frameworks",
				);
				MARKETING_VERSION = 1.0;
				PRODUCT_BUNDLE_IDENTIFIER = surexnx.FoodZ;
				PRODUCT_NAME = "$(TARGET_NAME)";
				SWIFT_EMIT_LOC_STRINGS = YES;
				SWIFT_VERSION = 5.0;
				TARGETED_DEVICE_FAMILY = "1,2";
			};
			name = Release;
		};
/* End XCBuildConfiguration section */

/* Begin XCConfigurationList section */
		78C1CAF72BADC02700748F3D /* Build configuration list for PBXProject "FoodZ" */ = {
			isa = XCConfigurationList;
			buildConfigurations = (
				78C1CB112BADC02900748F3D /* Debug */,
				78C1CB122BADC02900748F3D /* Release */,
			);
			defaultConfigurationIsVisible = 0;
			defaultConfigurationName = Release;
		};
		78C1CB132BADC02900748F3D /* Build configuration list for PBXNativeTarget "FoodZ" */ = {
			isa = XCConfigurationList;
			buildConfigurations = (
				78C1CB142BADC02900748F3D /* Debug */,
				78C1CB152BADC02900748F3D /* Release */,
			);
			defaultConfigurationIsVisible = 0;
			defaultConfigurationName = Release;
		};
/* End XCConfigurationList section */

/* Begin XCRemoteSwiftPackageReference section */
		78C1CB6C2BADC09300748F3D /* XCRemoteSwiftPackageReference "SnapKit" */ = {
			isa = XCRemoteSwiftPackageReference;
			repositoryURL = "https://github.com/SnapKit/SnapKit";
			requirement = {
				kind = upToNextMajorVersion;
				minimumVersion = 5.7.1;
			};
		};
		78C1CB712BADC0A700748F3D /* XCRemoteSwiftPackageReference "Alamofire" */ = {
			isa = XCRemoteSwiftPackageReference;
			repositoryURL = "https://github.com/Alamofire/Alamofire";
			requirement = {
				kind = upToNextMajorVersion;
				minimumVersion = 5.9.0;
			};
		};
/* End XCRemoteSwiftPackageReference section */

/* Begin XCSwiftPackageProductDependency section */
		78C1CB6D2BADC09300748F3D /* SnapKit */ = {
			isa = XCSwiftPackageProductDependency;
			package = 78C1CB6C2BADC09300748F3D /* XCRemoteSwiftPackageReference "SnapKit" */;
			productName = SnapKit;
		};
		78C1CB6F2BADC09300748F3D /* SnapKit-Dynamic */ = {
			isa = XCSwiftPackageProductDependency;
			package = 78C1CB6C2BADC09300748F3D /* XCRemoteSwiftPackageReference "SnapKit" */;
			productName = "SnapKit-Dynamic";
		};
		78C1CB722BADC0A700748F3D /* Alamofire */ = {
			isa = XCSwiftPackageProductDependency;
			package = 78C1CB712BADC0A700748F3D /* XCRemoteSwiftPackageReference "Alamofire" */;
			productName = Alamofire;
		};
		78C1CB742BADC0A700748F3D /* AlamofireDynamic */ = {
			isa = XCSwiftPackageProductDependency;
			package = 78C1CB712BADC0A700748F3D /* XCRemoteSwiftPackageReference "Alamofire" */;
			productName = AlamofireDynamic;
		};
/* End XCSwiftPackageProductDependency section */

/* Begin XCVersionGroup section */
		78C1CB082BADC02700748F3D /* FoodZ.xcdatamodeld */ = {
			isa = XCVersionGroup;
			children = (
				78C1CB092BADC02700748F3D /* FoodZ.xcdatamodel */,
			);
			currentVersion = 78C1CB092BADC02700748F3D /* FoodZ.xcdatamodel */;
			path = FoodZ.xcdatamodeld;
			sourceTree = "<group>";
			versionGroupType = wrapper.xcdatamodel;
		};
/* End XCVersionGroup section */
	};
	rootObject = 78C1CAF42BADC02700748F3D /* Project object */;
}
